
Microsoft Visual Studio Solution File, Format Version 12.00
# Visual Studio Version 16
VisualStudioVersion = 16.0.31729.503
MinimumVisualStudioVersion = 10.0.40219.1
Project("{9A19103F-16F7-4668-BE54-9A1E7A4F7556}") = "CalculatorFunc", "CalculatorFunc.csproj", "{869CA8E2-90F1-48CA-B239-8047A80DD3D6}"
EndProject
Project("{FAE04EC0-301F-11D3-BF4B-00C04F79EFBC}") = "CronFunc", "CronFunc\CronFunc.csproj", "{F0633D20-FEE6-48B2-BA10-340EA84C8068}"
EndProject
Global
	GlobalSection(SolutionConfigurationPlatforms) = preSolution
		Debug|Any CPU = Debug|Any CPU
		Release|Any CPU = Release|Any CPU
	EndGlobalSection
	GlobalSection(ProjectConfigurationPlatforms) = postSolution
		{869CA8E2-90F1-48CA-B239-8047A80DD3D6}.Debug|Any CPU.ActiveCfg = Debug|Any CPU
		{869CA8E2-90F1-48CA-B239-8047A80DD3D6}.Debug|Any CPU.Build.0 = Debug|Any CPU
		{869CA8E2-90F1-48CA-B239-8047A80DD3D6}.Release|Any CPU.ActiveCfg = Release|Any CPU
		{869CA8E2-90F1-48CA-B239-8047A80DD3D6}.Release|Any CPU.Build.0 = Release|Any CPU
		{F0633D20-FEE6-48B2-BA10-340EA84C8068}.Debug|Any CPU.ActiveCfg = Debug|Any CPU
		{F0633D20-FEE6-48B2-BA10-340EA84C8068}.Debug|Any CPU.Build.0 = Debug|Any CPU
		{F0633D20-FEE6-48B2-BA10-340EA84C8068}.Release|Any CPU.ActiveCfg = Release|Any CPU
		{F0633D20-FEE6-48B2-BA10-340EA84C8068}.Release|Any CPU.Build.0 = Release|Any CPU
	EndGlobalSection
	GlobalSection(SolutionProperties) = preSolution
		HideSolutionNode = FALSE
	EndGlobalSection
	GlobalSection(ExtensibilityGlobals) = postSolution
		SolutionGuid = {DEF0DE86-39AE-45BE-B047-92F5C02A1171}
	EndGlobalSection
EndGlobal
