
Microsoft Visual Studio Solution File, Format Version 12.00
# Visual Studio Version 16
VisualStudioVersion = 16.0.31729.503
MinimumVisualStudioVersion = 10.0.40219.1
Project("{FAE04EC0-301F-11D3-BF4B-00C04F79EFBC}") = "CalculatorFunc", "CalculatorFunc\CalculatorFunc.csproj", "{809318E3-B31E-41F3-9AE6-D29047753B02}"
EndProject
Project("{FAE04EC0-301F-11D3-BF4B-00C04F79EFBC}") = "CronFunc", "CronFunc\CronFunc.csproj", "{05567FCA-38FE-4E8B-8F6C-1E56DAC4B38B}"
EndProject
Global
	GlobalSection(SolutionConfigurationPlatforms) = preSolution
		Debug|Any CPU = Debug|Any CPU
		Release|Any CPU = Release|Any CPU
	EndGlobalSection
	GlobalSection(ProjectConfigurationPlatforms) = postSolution
		{809318E3-B31E-41F3-9AE6-D29047753B02}.Debug|Any CPU.ActiveCfg = Debug|Any CPU
		{809318E3-B31E-41F3-9AE6-D29047753B02}.Debug|Any CPU.Build.0 = Debug|Any CPU
		{809318E3-B31E-41F3-9AE6-D29047753B02}.Release|Any CPU.ActiveCfg = Release|Any CPU
		{809318E3-B31E-41F3-9AE6-D29047753B02}.Release|Any CPU.Build.0 = Release|Any CPU
		{05567FCA-38FE-4E8B-8F6C-1E56DAC4B38B}.Debug|Any CPU.ActiveCfg = Debug|Any CPU
		{05567FCA-38FE-4E8B-8F6C-1E56DAC4B38B}.Debug|Any CPU.Build.0 = Debug|Any CPU
		{05567FCA-38FE-4E8B-8F6C-1E56DAC4B38B}.Release|Any CPU.ActiveCfg = Release|Any CPU
		{05567FCA-38FE-4E8B-8F6C-1E56DAC4B38B}.Release|Any CPU.Build.0 = Release|Any CPU
	EndGlobalSection
	GlobalSection(SolutionProperties) = preSolution
		HideSolutionNode = FALSE
	EndGlobalSection
	GlobalSection(ExtensibilityGlobals) = postSolution
		SolutionGuid = {DEF0DE86-39AE-45BE-B047-92F5C02A1171}
	EndGlobalSection
EndGlobal
